
Microsoft Visual Studio Solution File, Format Version 12.00
# Visual Studio 14
VisualStudioVersion = 14.0.25420.1
MinimumVisualStudioVersion = 10.0.40219.1
Project("{FAE04EC0-301F-11D3-BF4B-00C04F79EFBC}") = "GUI", "GUI\GUI.csproj", "{18A40CF3-68BB-49EF-8D2C-9DFC98E8016F}"
EndProject
Project("{FAE04EC0-301F-11D3-BF4B-00C04F79EFBC}") = "Data", "Data\Data.csproj", "{2087BCF1-5136-46D5-819D-CF85F76DFC72}"
EndProject
Global
	GlobalSection(SolutionConfigurationPlatforms) = preSolution
		Debug|Any CPU = Debug|Any CPU
		Release|Any CPU = Release|Any CPU
	EndGlobalSection
	GlobalSection(ProjectConfigurationPlatforms) = postSolution
		{18A40CF3-68BB-49EF-8D2C-9DFC98E8016F}.Debug|Any CPU.ActiveCfg = Debug|Any CPU
		{18A40CF3-68BB-49EF-8D2C-9DFC98E8016F}.Debug|Any CPU.Build.0 = Debug|Any CPU
		{18A40CF3-68BB-49EF-8D2C-9DFC98E8016F}.Release|Any CPU.ActiveCfg = Release|Any CPU
		{18A40CF3-68BB-49EF-8D2C-9DFC98E8016F}.Release|Any CPU.Build.0 = Release|Any CPU
		{2087BCF1-5136-46D5-819D-CF85F76DFC72}.Debug|Any CPU.ActiveCfg = Debug|Any CPU
		{2087BCF1-5136-46D5-819D-CF85F76DFC72}.Debug|Any CPU.Build.0 = Debug|Any CPU
		{2087BCF1-5136-46D5-819D-CF85F76DFC72}.Release|Any CPU.ActiveCfg = Release|Any CPU
		{2087BCF1-5136-46D5-819D-CF85F76DFC72}.Release|Any CPU.Build.0 = Release|Any CPU
	EndGlobalSection
	GlobalSection(SolutionProperties) = preSolution
		HideSolutionNode = FALSE
	EndGlobalSection
EndGlobal
